
Microsoft Visual Studio Solution File, Format Version 12.00
# Visual Studio Version 17
VisualStudioVersion = 17.8.34330.188
MinimumVisualStudioVersion = 10.0.40219.1
Project("{FAE04EC0-301F-11D3-BF4B-00C04F79EFBC}") = "KLTN-E", "KLTN-E\KLTN-E.csproj", "{1A28A917-24A4-4F8B-A29A-3EA1EA6E6865}"
EndProject
Global
	GlobalSection(SolutionConfigurationPlatforms) = preSolution
		Debug|Any CPU = Debug|Any CPU
		Release|Any CPU = Release|Any CPU
	EndGlobalSection
	GlobalSection(ProjectConfigurationPlatforms) = postSolution
		{1A28A917-24A4-4F8B-A29A-3EA1EA6E6865}.Debug|Any CPU.ActiveCfg = Debug|Any CPU
		{1A28A917-24A4-4F8B-A29A-3EA1EA6E6865}.Debug|Any CPU.Build.0 = Debug|Any CPU
		{1A28A917-24A4-4F8B-A29A-3EA1EA6E6865}.Release|Any CPU.ActiveCfg = Release|Any CPU
		{1A28A917-24A4-4F8B-A29A-3EA1EA6E6865}.Release|Any CPU.Build.0 = Release|Any CPU
	EndGlobalSection
	GlobalSection(SolutionProperties) = preSolution
		HideSolutionNode = FALSE
	EndGlobalSection
	GlobalSection(ExtensibilityGlobals) = postSolution
		SolutionGuid = {DFF181B8-EC25-470D-8A3F-FFBDC9144223}
	EndGlobalSection
EndGlobal
